
Microsoft Visual Studio Solution File, Format Version 12.00
# Visual Studio Version 17
VisualStudioVersion = 17.8.34511.84
MinimumVisualStudioVersion = 10.0.40219.1
Project("{FAE04EC0-301F-11D3-BF4B-00C04F79EFBC}") = "Tests", "Tests\Tests.csproj", "{729056A6-C3F6-4D7D-9380-B655E9FA8ACD}"
EndProject
Global
	GlobalSection(SolutionConfigurationPlatforms) = preSolution
		Debug|Any CPU = Debug|Any CPU
		Release|Any CPU = Release|Any CPU
	EndGlobalSection
	GlobalSection(ProjectConfigurationPlatforms) = postSolution
		{729056A6-C3F6-4D7D-9380-B655E9FA8ACD}.Debug|Any CPU.ActiveCfg = Debug|Any CPU
		{729056A6-C3F6-4D7D-9380-B655E9FA8ACD}.Debug|Any CPU.Build.0 = Debug|Any CPU
		{729056A6-C3F6-4D7D-9380-B655E9FA8ACD}.Release|Any CPU.ActiveCfg = Release|Any CPU
		{729056A6-C3F6-4D7D-9380-B655E9FA8ACD}.Release|Any CPU.Build.0 = Release|Any CPU
	EndGlobalSection
	GlobalSection(SolutionProperties) = preSolution
		HideSolutionNode = FALSE
	EndGlobalSection
	GlobalSection(ExtensibilityGlobals) = postSolution
		SolutionGuid = {D6303954-9D22-4EC6-8647-D439E2813D58}
	EndGlobalSection
EndGlobal
